
Microsoft Visual Studio Solution File, Format Version 12.00
# Visual Studio 2010
Project("{2150E333-8FDC-42A3-9474-1A3956D46DE8}") = "Game.Presentation", "Game.Presentation", "{F39E94AC-24B1-4529-B387-F385223C3C7C}"
EndProject
Project("{2150E333-8FDC-42A3-9474-1A3956D46DE8}") = "Game.Logic", "Game.Logic", "{4B1BD3C9-F419-4FA7-8275-A89C6D459D85}"
EndProject
Project("{2150E333-8FDC-42A3-9474-1A3956D46DE8}") = "Game.Core", "Game.Core", "{13B1B0C7-9F76-44D0-93DF-6C2F557DA8DD}"
EndProject
Project("{2150E333-8FDC-42A3-9474-1A3956D46DE8}") = "Game.Web", "Game.Web", "{A517711A-658C-48B6-9BA4-7A66E666873C}"
EndProject
Project("{2150E333-8FDC-42A3-9474-1A3956D46DE8}") = "Game.UX.Test", "Game.UX.Test", "{8D44CA1A-E112-490C-AD65-E873E35DD02B}"
EndProject
Project("{FAE04EC0-301F-11D3-BF4B-00C04F79EFBC}") = "Game.Presentation", "PresentationLayerInterfaces\Game.Presentation.csproj", "{253F3338-17E9-41B8-8495-34C5F6A7F409}"
EndProject
Project("{FAE04EC0-301F-11D3-BF4B-00C04F79EFBC}") = "Game.Presentation.Impl", "PresentationLayerImpl\Game.Presentation.Impl.csproj", "{6E80743E-651F-41E5-8807-62DD18442613}"
EndProject
Project("{FAE04EC0-301F-11D3-BF4B-00C04F79EFBC}") = "Game.Presentation.Tests", "PresentationLayerTDD\Game.Presentation.Tests.csproj", "{48562A4C-85C0-43DB-B862-D895251BD0EE}"
EndProject
Project("{FAE04EC0-301F-11D3-BF4B-00C04F79EFBC}") = "Game.Logic.Impl", "GameLogicImpl\Game.Logic.Impl.csproj", "{414AC877-7EC2-4F83-9300-DE6A67657565}"
EndProject
Project("{FAE04EC0-301F-11D3-BF4B-00C04F79EFBC}") = "Game.Logic.Tests", "GameLogicTDD\Game.Logic.Tests.csproj", "{B0D8AC5F-5BD0-43CF-B178-3FD156E6B452}"
	ProjectSection(ProjectDependencies) = postProject
		{414AC877-7EC2-4F83-9300-DE6A67657565} = {414AC877-7EC2-4F83-9300-DE6A67657565}
		{55DF8C9B-6DEA-4C29-A32A-D2C26BF25A31} = {55DF8C9B-6DEA-4C29-A32A-D2C26BF25A31}
		{D401D5B8-901F-40ED-A8CA-952BE1A5F79E} = {D401D5B8-901F-40ED-A8CA-952BE1A5F79E}
	EndProjectSection
EndProject
Project("{FAE04EC0-301F-11D3-BF4B-00C04F79EFBC}") = "Game.Logic", "GameLogicInterfaces\Game.Logic.csproj", "{D401D5B8-901F-40ED-A8CA-952BE1A5F79E}"
EndProject
Project("{FAE04EC0-301F-11D3-BF4B-00C04F79EFBC}") = "Game.Logic.Setup", "GameLogicSetup\Game.Logic.Setup.csproj", "{55DF8C9B-6DEA-4C29-A32A-D2C26BF25A31}"
	ProjectSection(ProjectDependencies) = postProject
		{414AC877-7EC2-4F83-9300-DE6A67657565} = {414AC877-7EC2-4F83-9300-DE6A67657565}
		{D401D5B8-901F-40ED-A8CA-952BE1A5F79E} = {D401D5B8-901F-40ED-A8CA-952BE1A5F79E}
	EndProjectSection
EndProject
Project("{FAE04EC0-301F-11D3-BF4B-00C04F79EFBC}") = "Game.Presentation.Setup", "PresentationLayerSetup\Game.Presentation.Setup.csproj", "{43C28724-76C7-4A53-836F-1837AA5CAC5D}"
EndProject
Project("{FAE04EC0-301F-11D3-BF4B-00C04F79EFBC}") = "Game.Core", "Game.Core\Game.Core.csproj", "{5BB70D25-53E7-4765-AA08-479DAD3F9D76}"
EndProject
Project("{FAE04EC0-301F-11D3-BF4B-00C04F79EFBC}") = "Game.Core.Impl", "Game.Core.Impl\Game.Core.Impl.csproj", "{90D849F8-9A5D-4D0D-99BB-761D6C6AF016}"
EndProject
Project("{FAE04EC0-301F-11D3-BF4B-00C04F79EFBC}") = "Game.Core.Tests", "Game.Core.TDD\Game.Core.Tests.csproj", "{7BAB06FC-1142-4E9D-934C-04A8002D98FA}"
EndProject
Project("{FAE04EC0-301F-11D3-BF4B-00C04F79EFBC}") = "Game.Core.Setup", "Game.Core.Setup\Game.Core.Setup.csproj", "{6E04C393-5EEB-4643-9E93-DBD939B14CED}"
EndProject
Project("{FAE04EC0-301F-11D3-BF4B-00C04F79EFBC}") = "Game.UX.Test.Setup", "Game.UX.Test.Setup\Game.UX.Test.Setup.csproj", "{5029C7D3-A724-4AB3-924D-CC3FAA4A4A21}"
EndProject
Project("{FAE04EC0-301F-11D3-BF4B-00C04F79EFBC}") = "Game.UX.Test.Impl", "Game.UX.Test.Impl\Game.UX.Test.Impl.csproj", "{ACB58A9F-53C0-4F6D-A174-156C301A7DF8}"
EndProject
Project("{FAE04EC0-301F-11D3-BF4B-00C04F79EFBC}") = "Game.Web", "Game.Web\Game.Web.csproj", "{AA5AC983-7F89-4D3C-95BF-93500F47D3DC}"
EndProject
Project("{2150E333-8FDC-42A3-9474-1A3956D46DE8}") = ".nuget", ".nuget", "{7E45C5DC-27E8-4CA9-8833-5E67FCC5D8F4}"
	ProjectSection(SolutionItems) = preProject
		.nuget\NuGet.Config = .nuget\NuGet.Config
		.nuget\NuGet.exe = .nuget\NuGet.exe
		.nuget\NuGet.targets = .nuget\NuGet.targets
	EndProjectSection
EndProject
Global
	GlobalSection(SubversionScc) = preSolution
		Svn-Managed = True
		Manager = AnkhSVN - Subversion Support for Visual Studio
	EndGlobalSection
	GlobalSection(SolutionConfigurationPlatforms) = preSolution
		Debug|Any CPU = Debug|Any CPU
		Release|Any CPU = Release|Any CPU
	EndGlobalSection
	GlobalSection(ProjectConfigurationPlatforms) = postSolution
		{253F3338-17E9-41B8-8495-34C5F6A7F409}.Debug|Any CPU.ActiveCfg = Debug|Any CPU
		{253F3338-17E9-41B8-8495-34C5F6A7F409}.Debug|Any CPU.Build.0 = Debug|Any CPU
		{253F3338-17E9-41B8-8495-34C5F6A7F409}.Release|Any CPU.ActiveCfg = Release|Any CPU
		{253F3338-17E9-41B8-8495-34C5F6A7F409}.Release|Any CPU.Build.0 = Release|Any CPU
		{6E80743E-651F-41E5-8807-62DD18442613}.Debug|Any CPU.ActiveCfg = Debug|Any CPU
		{6E80743E-651F-41E5-8807-62DD18442613}.Debug|Any CPU.Build.0 = Debug|Any CPU
		{6E80743E-651F-41E5-8807-62DD18442613}.Release|Any CPU.ActiveCfg = Release|Any CPU
		{6E80743E-651F-41E5-8807-62DD18442613}.Release|Any CPU.Build.0 = Release|Any CPU
		{48562A4C-85C0-43DB-B862-D895251BD0EE}.Debug|Any CPU.ActiveCfg = Debug|Any CPU
		{48562A4C-85C0-43DB-B862-D895251BD0EE}.Debug|Any CPU.Build.0 = Debug|Any CPU
		{48562A4C-85C0-43DB-B862-D895251BD0EE}.Release|Any CPU.ActiveCfg = Release|Any CPU
		{48562A4C-85C0-43DB-B862-D895251BD0EE}.Release|Any CPU.Build.0 = Release|Any CPU
		{414AC877-7EC2-4F83-9300-DE6A67657565}.Debug|Any CPU.ActiveCfg = Debug|Any CPU
		{414AC877-7EC2-4F83-9300-DE6A67657565}.Debug|Any CPU.Build.0 = Debug|Any CPU
		{414AC877-7EC2-4F83-9300-DE6A67657565}.Release|Any CPU.ActiveCfg = Release|Any CPU
		{414AC877-7EC2-4F83-9300-DE6A67657565}.Release|Any CPU.Build.0 = Release|Any CPU
		{B0D8AC5F-5BD0-43CF-B178-3FD156E6B452}.Debug|Any CPU.ActiveCfg = Debug|Any CPU
		{B0D8AC5F-5BD0-43CF-B178-3FD156E6B452}.Debug|Any CPU.Build.0 = Debug|Any CPU
		{B0D8AC5F-5BD0-43CF-B178-3FD156E6B452}.Release|Any CPU.ActiveCfg = Release|Any CPU
		{B0D8AC5F-5BD0-43CF-B178-3FD156E6B452}.Release|Any CPU.Build.0 = Release|Any CPU
		{D401D5B8-901F-40ED-A8CA-952BE1A5F79E}.Debug|Any CPU.ActiveCfg = Debug|Any CPU
		{D401D5B8-901F-40ED-A8CA-952BE1A5F79E}.Debug|Any CPU.Build.0 = Debug|Any CPU
		{D401D5B8-901F-40ED-A8CA-952BE1A5F79E}.Release|Any CPU.ActiveCfg = Release|Any CPU
		{D401D5B8-901F-40ED-A8CA-952BE1A5F79E}.Release|Any CPU.Build.0 = Release|Any CPU
		{55DF8C9B-6DEA-4C29-A32A-D2C26BF25A31}.Debug|Any CPU.ActiveCfg = Debug|Any CPU
		{55DF8C9B-6DEA-4C29-A32A-D2C26BF25A31}.Debug|Any CPU.Build.0 = Debug|Any CPU
		{55DF8C9B-6DEA-4C29-A32A-D2C26BF25A31}.Release|Any CPU.ActiveCfg = Release|Any CPU
		{55DF8C9B-6DEA-4C29-A32A-D2C26BF25A31}.Release|Any CPU.Build.0 = Release|Any CPU
		{43C28724-76C7-4A53-836F-1837AA5CAC5D}.Debug|Any CPU.ActiveCfg = Debug|Any CPU
		{43C28724-76C7-4A53-836F-1837AA5CAC5D}.Debug|Any CPU.Build.0 = Debug|Any CPU
		{43C28724-76C7-4A53-836F-1837AA5CAC5D}.Release|Any CPU.ActiveCfg = Release|Any CPU
		{43C28724-76C7-4A53-836F-1837AA5CAC5D}.Release|Any CPU.Build.0 = Release|Any CPU
		{5BB70D25-53E7-4765-AA08-479DAD3F9D76}.Debug|Any CPU.ActiveCfg = Debug|Any CPU
		{5BB70D25-53E7-4765-AA08-479DAD3F9D76}.Debug|Any CPU.Build.0 = Debug|Any CPU
		{5BB70D25-53E7-4765-AA08-479DAD3F9D76}.Release|Any CPU.ActiveCfg = Release|Any CPU
		{5BB70D25-53E7-4765-AA08-479DAD3F9D76}.Release|Any CPU.Build.0 = Release|Any CPU
		{90D849F8-9A5D-4D0D-99BB-761D6C6AF016}.Debug|Any CPU.ActiveCfg = Debug|Any CPU
		{90D849F8-9A5D-4D0D-99BB-761D6C6AF016}.Debug|Any CPU.Build.0 = Debug|Any CPU
		{90D849F8-9A5D-4D0D-99BB-761D6C6AF016}.Release|Any CPU.ActiveCfg = Release|Any CPU
		{90D849F8-9A5D-4D0D-99BB-761D6C6AF016}.Release|Any CPU.Build.0 = Release|Any CPU
		{7BAB06FC-1142-4E9D-934C-04A8002D98FA}.Debug|Any CPU.ActiveCfg = Debug|Any CPU
		{7BAB06FC-1142-4E9D-934C-04A8002D98FA}.Debug|Any CPU.Build.0 = Debug|Any CPU
		{7BAB06FC-1142-4E9D-934C-04A8002D98FA}.Release|Any CPU.ActiveCfg = Release|Any CPU
		{7BAB06FC-1142-4E9D-934C-04A8002D98FA}.Release|Any CPU.Build.0 = Release|Any CPU
		{6E04C393-5EEB-4643-9E93-DBD939B14CED}.Debug|Any CPU.ActiveCfg = Debug|Any CPU
		{6E04C393-5EEB-4643-9E93-DBD939B14CED}.Debug|Any CPU.Build.0 = Debug|Any CPU
		{6E04C393-5EEB-4643-9E93-DBD939B14CED}.Release|Any CPU.ActiveCfg = Release|Any CPU
		{6E04C393-5EEB-4643-9E93-DBD939B14CED}.Release|Any CPU.Build.0 = Release|Any CPU
		{5029C7D3-A724-4AB3-924D-CC3FAA4A4A21}.Debug|Any CPU.ActiveCfg = Debug|Any CPU
		{5029C7D3-A724-4AB3-924D-CC3FAA4A4A21}.Debug|Any CPU.Build.0 = Debug|Any CPU
		{5029C7D3-A724-4AB3-924D-CC3FAA4A4A21}.Release|Any CPU.ActiveCfg = Release|Any CPU
		{5029C7D3-A724-4AB3-924D-CC3FAA4A4A21}.Release|Any CPU.Build.0 = Release|Any CPU
		{ACB58A9F-53C0-4F6D-A174-156C301A7DF8}.Debug|Any CPU.ActiveCfg = Debug|Any CPU
		{ACB58A9F-53C0-4F6D-A174-156C301A7DF8}.Debug|Any CPU.Build.0 = Debug|Any CPU
		{ACB58A9F-53C0-4F6D-A174-156C301A7DF8}.Release|Any CPU.ActiveCfg = Release|Any CPU
		{ACB58A9F-53C0-4F6D-A174-156C301A7DF8}.Release|Any CPU.Build.0 = Release|Any CPU
		{AA5AC983-7F89-4D3C-95BF-93500F47D3DC}.Debug|Any CPU.ActiveCfg = Debug|Any CPU
		{AA5AC983-7F89-4D3C-95BF-93500F47D3DC}.Debug|Any CPU.Build.0 = Debug|Any CPU
		{AA5AC983-7F89-4D3C-95BF-93500F47D3DC}.Release|Any CPU.ActiveCfg = Release|Any CPU
		{AA5AC983-7F89-4D3C-95BF-93500F47D3DC}.Release|Any CPU.Build.0 = Release|Any CPU
	EndGlobalSection
	GlobalSection(SolutionProperties) = preSolution
		HideSolutionNode = FALSE
	EndGlobalSection
	GlobalSection(NestedProjects) = preSolution
		{253F3338-17E9-41B8-8495-34C5F6A7F409} = {F39E94AC-24B1-4529-B387-F385223C3C7C}
		{6E80743E-651F-41E5-8807-62DD18442613} = {F39E94AC-24B1-4529-B387-F385223C3C7C}
		{48562A4C-85C0-43DB-B862-D895251BD0EE} = {F39E94AC-24B1-4529-B387-F385223C3C7C}
		{43C28724-76C7-4A53-836F-1837AA5CAC5D} = {F39E94AC-24B1-4529-B387-F385223C3C7C}
		{414AC877-7EC2-4F83-9300-DE6A67657565} = {4B1BD3C9-F419-4FA7-8275-A89C6D459D85}
		{B0D8AC5F-5BD0-43CF-B178-3FD156E6B452} = {4B1BD3C9-F419-4FA7-8275-A89C6D459D85}
		{D401D5B8-901F-40ED-A8CA-952BE1A5F79E} = {4B1BD3C9-F419-4FA7-8275-A89C6D459D85}
		{55DF8C9B-6DEA-4C29-A32A-D2C26BF25A31} = {4B1BD3C9-F419-4FA7-8275-A89C6D459D85}
		{5BB70D25-53E7-4765-AA08-479DAD3F9D76} = {13B1B0C7-9F76-44D0-93DF-6C2F557DA8DD}
		{90D849F8-9A5D-4D0D-99BB-761D6C6AF016} = {13B1B0C7-9F76-44D0-93DF-6C2F557DA8DD}
		{7BAB06FC-1142-4E9D-934C-04A8002D98FA} = {13B1B0C7-9F76-44D0-93DF-6C2F557DA8DD}
		{6E04C393-5EEB-4643-9E93-DBD939B14CED} = {13B1B0C7-9F76-44D0-93DF-6C2F557DA8DD}
		{AA5AC983-7F89-4D3C-95BF-93500F47D3DC} = {A517711A-658C-48B6-9BA4-7A66E666873C}
		{5029C7D3-A724-4AB3-924D-CC3FAA4A4A21} = {8D44CA1A-E112-490C-AD65-E873E35DD02B}
		{ACB58A9F-53C0-4F6D-A174-156C301A7DF8} = {8D44CA1A-E112-490C-AD65-E873E35DD02B}
	EndGlobalSection
EndGlobal
